
Microsoft Visual Studio Solution File, Format Version 12.00
# Visual Studio Version 17
VisualStudioVersion = 17.0.31903.59
MinimumVisualStudioVersion = 10.0.40219.1
Project("{FAE04EC0-301F-11D3-BF4B-00C04F79EFBC}") = "TaskFlow.Services", "TaskFlow.Services\TaskFlow.Services.csproj", "{35C43C8B-21F8-40EC-9DBE-13E5578EBE74}"
EndProject
Project("{FAE04EC0-301F-11D3-BF4B-00C04F79EFBC}") = "TaskFlow.Infra", "TaskFlow.Infra\TaskFlow.Infra.csproj", "{D1011123-1CFB-4D3A-85CA-31055F83973D}"
EndProject
Project("{FAE04EC0-301F-11D3-BF4B-00C04F79EFBC}") = "TaskFlow.Domain", "TaskFlow.Domain\TaskFlow.Domain.csproj", "{D38EAB39-CDD9-4E7A-B045-5C7460D42758}"
EndProject
Project("{FAE04EC0-301F-11D3-BF4B-00C04F79EFBC}") = "TaskFlow.Application", "TaskFlow.Application\TaskFlow.Application.csproj", "{A46C1907-7CA2-4E95-B93B-DA54C96320E0}"
EndProject
Project("{FAE04EC0-301F-11D3-BF4B-00C04F79EFBC}") = "TaskFlow.API", "TaskFlow.API\TaskFlow.API.csproj", "{44670787-F1A4-4BAE-8ACD-09BD5397E19C}"
EndProject
Global
	GlobalSection(SolutionConfigurationPlatforms) = preSolution
		Debug|Any CPU = Debug|Any CPU
		Debug|x64 = Debug|x64
		Debug|x86 = Debug|x86
		Release|Any CPU = Release|Any CPU
		Release|x64 = Release|x64
		Release|x86 = Release|x86
	EndGlobalSection
	GlobalSection(ProjectConfigurationPlatforms) = postSolution
		{35C43C8B-21F8-40EC-9DBE-13E5578EBE74}.Debug|Any CPU.ActiveCfg = Debug|Any CPU
		{35C43C8B-21F8-40EC-9DBE-13E5578EBE74}.Debug|Any CPU.Build.0 = Debug|Any CPU
		{35C43C8B-21F8-40EC-9DBE-13E5578EBE74}.Debug|x64.ActiveCfg = Debug|Any CPU
		{35C43C8B-21F8-40EC-9DBE-13E5578EBE74}.Debug|x64.Build.0 = Debug|Any CPU
		{35C43C8B-21F8-40EC-9DBE-13E5578EBE74}.Debug|x86.ActiveCfg = Debug|Any CPU
		{35C43C8B-21F8-40EC-9DBE-13E5578EBE74}.Debug|x86.Build.0 = Debug|Any CPU
		{35C43C8B-21F8-40EC-9DBE-13E5578EBE74}.Release|Any CPU.ActiveCfg = Release|Any CPU
		{35C43C8B-21F8-40EC-9DBE-13E5578EBE74}.Release|Any CPU.Build.0 = Release|Any CPU
		{35C43C8B-21F8-40EC-9DBE-13E5578EBE74}.Release|x64.ActiveCfg = Release|Any CPU
		{35C43C8B-21F8-40EC-9DBE-13E5578EBE74}.Release|x64.Build.0 = Release|Any CPU
		{35C43C8B-21F8-40EC-9DBE-13E5578EBE74}.Release|x86.ActiveCfg = Release|Any CPU
		{35C43C8B-21F8-40EC-9DBE-13E5578EBE74}.Release|x86.Build.0 = Release|Any CPU
		{D1011123-1CFB-4D3A-85CA-31055F83973D}.Debug|Any CPU.ActiveCfg = Debug|Any CPU
		{D1011123-1CFB-4D3A-85CA-31055F83973D}.Debug|Any CPU.Build.0 = Debug|Any CPU
		{D1011123-1CFB-4D3A-85CA-31055F83973D}.Debug|x64.ActiveCfg = Debug|Any CPU
		{D1011123-1CFB-4D3A-85CA-31055F83973D}.Debug|x64.Build.0 = Debug|Any CPU
		{D1011123-1CFB-4D3A-85CA-31055F83973D}.Debug|x86.ActiveCfg = Debug|Any CPU
		{D1011123-1CFB-4D3A-85CA-31055F83973D}.Debug|x86.Build.0 = Debug|Any CPU
		{D1011123-1CFB-4D3A-85CA-31055F83973D}.Release|Any CPU.ActiveCfg = Release|Any CPU
		{D1011123-1CFB-4D3A-85CA-31055F83973D}.Release|Any CPU.Build.0 = Release|Any CPU
		{D1011123-1CFB-4D3A-85CA-31055F83973D}.Release|x64.ActiveCfg = Release|Any CPU
		{D1011123-1CFB-4D3A-85CA-31055F83973D}.Release|x64.Build.0 = Release|Any CPU
		{D1011123-1CFB-4D3A-85CA-31055F83973D}.Release|x86.ActiveCfg = Release|Any CPU
		{D1011123-1CFB-4D3A-85CA-31055F83973D}.Release|x86.Build.0 = Release|Any CPU
		{D38EAB39-CDD9-4E7A-B045-5C7460D42758}.Debug|Any CPU.ActiveCfg = Debug|Any CPU
		{D38EAB39-CDD9-4E7A-B045-5C7460D42758}.Debug|Any CPU.Build.0 = Debug|Any CPU
		{D38EAB39-CDD9-4E7A-B045-5C7460D42758}.Debug|x64.ActiveCfg = Debug|Any CPU
		{D38EAB39-CDD9-4E7A-B045-5C7460D42758}.Debug|x64.Build.0 = Debug|Any CPU
		{D38EAB39-CDD9-4E7A-B045-5C7460D42758}.Debug|x86.ActiveCfg = Debug|Any CPU
		{D38EAB39-CDD9-4E7A-B045-5C7460D42758}.Debug|x86.Build.0 = Debug|Any CPU
		{D38EAB39-CDD9-4E7A-B045-5C7460D42758}.Release|Any CPU.ActiveCfg = Release|Any CPU
		{D38EAB39-CDD9-4E7A-B045-5C7460D42758}.Release|Any CPU.Build.0 = Release|Any CPU
		{D38EAB39-CDD9-4E7A-B045-5C7460D42758}.Release|x64.ActiveCfg = Release|Any CPU
		{D38EAB39-CDD9-4E7A-B045-5C7460D42758}.Release|x64.Build.0 = Release|Any CPU
		{D38EAB39-CDD9-4E7A-B045-5C7460D42758}.Release|x86.ActiveCfg = Release|Any CPU
		{D38EAB39-CDD9-4E7A-B045-5C7460D42758}.Release|x86.Build.0 = Release|Any CPU
		{A46C1907-7CA2-4E95-B93B-DA54C96320E0}.Debug|Any CPU.ActiveCfg = Debug|Any CPU
		{A46C1907-7CA2-4E95-B93B-DA54C96320E0}.Debug|Any CPU.Build.0 = Debug|Any CPU
		{A46C1907-7CA2-4E95-B93B-DA54C96320E0}.Debug|x64.ActiveCfg = Debug|Any CPU
		{A46C1907-7CA2-4E95-B93B-DA54C96320E0}.Debug|x64.Build.0 = Debug|Any CPU
		{A46C1907-7CA2-4E95-B93B-DA54C96320E0}.Debug|x86.ActiveCfg = Debug|Any CPU
		{A46C1907-7CA2-4E95-B93B-DA54C96320E0}.Debug|x86.Build.0 = Debug|Any CPU
		{A46C1907-7CA2-4E95-B93B-DA54C96320E0}.Release|Any CPU.ActiveCfg = Release|Any CPU
		{A46C1907-7CA2-4E95-B93B-DA54C96320E0}.Release|Any CPU.Build.0 = Release|Any CPU
		{A46C1907-7CA2-4E95-B93B-DA54C96320E0}.Release|x64.ActiveCfg = Release|Any CPU
		{A46C1907-7CA2-4E95-B93B-DA54C96320E0}.Release|x64.Build.0 = Release|Any CPU
		{A46C1907-7CA2-4E95-B93B-DA54C96320E0}.Release|x86.ActiveCfg = Release|Any CPU
		{A46C1907-7CA2-4E95-B93B-DA54C96320E0}.Release|x86.Build.0 = Release|Any CPU
		{44670787-F1A4-4BAE-8ACD-09BD5397E19C}.Debug|Any CPU.ActiveCfg = Debug|Any CPU
		{44670787-F1A4-4BAE-8ACD-09BD5397E19C}.Debug|Any CPU.Build.0 = Debug|Any CPU
		{44670787-F1A4-4BAE-8ACD-09BD5397E19C}.Debug|x64.ActiveCfg = Debug|Any CPU
		{44670787-F1A4-4BAE-8ACD-09BD5397E19C}.Debug|x64.Build.0 = Debug|Any CPU
		{44670787-F1A4-4BAE-8ACD-09BD5397E19C}.Debug|x86.ActiveCfg = Debug|Any CPU
		{44670787-F1A4-4BAE-8ACD-09BD5397E19C}.Debug|x86.Build.0 = Debug|Any CPU
		{44670787-F1A4-4BAE-8ACD-09BD5397E19C}.Release|Any CPU.ActiveCfg = Release|Any CPU
		{44670787-F1A4-4BAE-8ACD-09BD5397E19C}.Release|Any CPU.Build.0 = Release|Any CPU
		{44670787-F1A4-4BAE-8ACD-09BD5397E19C}.Release|x64.ActiveCfg = Release|Any CPU
		{44670787-F1A4-4BAE-8ACD-09BD5397E19C}.Release|x64.Build.0 = Release|Any CPU
		{44670787-F1A4-4BAE-8ACD-09BD5397E19C}.Release|x86.ActiveCfg = Release|Any CPU
		{44670787-F1A4-4BAE-8ACD-09BD5397E19C}.Release|x86.Build.0 = Release|Any CPU
	EndGlobalSection
	GlobalSection(SolutionProperties) = preSolution
		HideSolutionNode = FALSE
	EndGlobalSection
EndGlobal
